
Microsoft Visual Studio Solution File, Format Version 12.00
# Visual Studio Version 16
VisualStudioVersion = 16.0.30413.136
MinimumVisualStudioVersion = 10.0.40219.1
Project("{FAE04EC0-301F-11D3-BF4B-00C04F79EFBC}") = "SimpleSite", "SimpleSite.csproj", "{C2CF3466-FE91-42A3-8A2F-D206E3530F2A}"
EndProject
Global
	GlobalSection(SolutionConfigurationPlatforms) = preSolution
		Debug|Any CPU = Debug|Any CPU
		Release|Any CPU = Release|Any CPU
	EndGlobalSection
	GlobalSection(ProjectConfigurationPlatforms) = postSolution
		{C2CF3466-FE91-42A3-8A2F-D206E3530F2A}.Debug|Any CPU.ActiveCfg = Debug|Any CPU
		{C2CF3466-FE91-42A3-8A2F-D206E3530F2A}.Debug|Any CPU.Build.0 = Debug|Any CPU
		{C2CF3466-FE91-42A3-8A2F-D206E3530F2A}.Release|Any CPU.ActiveCfg = Release|Any CPU
		{C2CF3466-FE91-42A3-8A2F-D206E3530F2A}.Release|Any CPU.Build.0 = Release|Any CPU
	EndGlobalSection
	GlobalSection(SolutionProperties) = preSolution
		HideSolutionNode = FALSE
	EndGlobalSection
	GlobalSection(ExtensibilityGlobals) = postSolution
		SolutionGuid = {4BE3F996-1C62-4140-871A-225E505D8A68}
	EndGlobalSection
EndGlobal
